
Microsoft Visual Studio Solution File, Format Version 12.00
# Visual Studio Version 17
VisualStudioVersion = 17.11.35222.181
MinimumVisualStudioVersion = 10.0.40219.1
Project("{8BC9CEB8-8B4A-11D0-8D11-00A0C91BC942}") = "treasurehunt", "treasurehunt\treasurehunt.vcxproj", "{89822BF2-EFC8-4D25-8B66-D5EEF13BCBEF}"
EndProject
Global
	GlobalSection(SolutionConfigurationPlatforms) = preSolution
		Debug|x64 = Debug|x64
		Debug|x86 = Debug|x86
		Release|x64 = Release|x64
		Release|x86 = Release|x86
	EndGlobalSection
	GlobalSection(ProjectConfigurationPlatforms) = postSolution
		{89822BF2-EFC8-4D25-8B66-D5EEF13BCBEF}.Debug|x64.ActiveCfg = Debug|x64
		{89822BF2-EFC8-4D25-8B66-D5EEF13BCBEF}.Debug|x64.Build.0 = Debug|x64
		{89822BF2-EFC8-4D25-8B66-D5EEF13BCBEF}.Debug|x86.ActiveCfg = Debug|Win32
		{89822BF2-EFC8-4D25-8B66-D5EEF13BCBEF}.Debug|x86.Build.0 = Debug|Win32
		{89822BF2-EFC8-4D25-8B66-D5EEF13BCBEF}.Release|x64.ActiveCfg = Release|x64
		{89822BF2-EFC8-4D25-8B66-D5EEF13BCBEF}.Release|x64.Build.0 = Release|x64
		{89822BF2-EFC8-4D25-8B66-D5EEF13BCBEF}.Release|x86.ActiveCfg = Release|Win32
		{89822BF2-EFC8-4D25-8B66-D5EEF13BCBEF}.Release|x86.Build.0 = Release|Win32
	EndGlobalSection
	GlobalSection(SolutionProperties) = preSolution
		HideSolutionNode = FALSE
	EndGlobalSection
	GlobalSection(ExtensibilityGlobals) = postSolution
		SolutionGuid = {6D0FC472-D07D-4C64-8F35-902819459F72}
	EndGlobalSection
EndGlobal
